
Microsoft Visual Studio Solution File, Format Version 12.00
# Visual Studio Version 17
VisualStudioVersion = 17.11.35222.181
MinimumVisualStudioVersion = 10.0.40219.1
Project("{FAE04EC0-301F-11D3-BF4B-00C04F79EFBC}") = "WHPing", "WHPing.csproj", "{D4CE3500-8545-4361-A6DE-47232F8005D6}"
EndProject
Global
	GlobalSection(SolutionConfigurationPlatforms) = preSolution
		Debug|Any CPU = Debug|Any CPU
		Release|Any CPU = Release|Any CPU
	EndGlobalSection
	GlobalSection(ProjectConfigurationPlatforms) = postSolution
		{D4CE3500-8545-4361-A6DE-47232F8005D6}.Debug|Any CPU.ActiveCfg = Debug|Any CPU
		{D4CE3500-8545-4361-A6DE-47232F8005D6}.Debug|Any CPU.Build.0 = Debug|Any CPU
		{D4CE3500-8545-4361-A6DE-47232F8005D6}.Release|Any CPU.ActiveCfg = Release|Any CPU
		{D4CE3500-8545-4361-A6DE-47232F8005D6}.Release|Any CPU.Build.0 = Release|Any CPU
	EndGlobalSection
	GlobalSection(SolutionProperties) = preSolution
		HideSolutionNode = FALSE
	EndGlobalSection
	GlobalSection(ExtensibilityGlobals) = postSolution
		SolutionGuid = {035824B7-8E73-4941-8558-A601C75FEF79}
	EndGlobalSection
EndGlobal
